// !$*UTF8*$!
{
	archiveVersion = 1;
	classes = {
	};
	objectVersion = 55;
	objects = {

/* Begin PBXBuildFile section */
		03CC7F5329AB5C450082D7A3 /* PresentationAssembly.swift in Sources */ = {isa = PBXBuildFile; fileRef = 03CC7F5229AB5C450082D7A3 /* PresentationAssembly.swift */; };
		03CC7F5529AB602B0082D7A3 /* ServiceAssemblyProtocol.swift in Sources */ = {isa = PBXBuildFile; fileRef = 03CC7F5429AB602B0082D7A3 /* ServiceAssemblyProtocol.swift */; };
		03CC7F5829AB61040082D7A3 /* LoginService.swift in Sources */ = {isa = PBXBuildFile; fileRef = 03CC7F5729AB61040082D7A3 /* LoginService.swift */; };
		03CC7F5A29AB61210082D7A3 /* SignUpService.swift in Sources */ = {isa = PBXBuildFile; fileRef = 03CC7F5929AB61210082D7A3 /* SignUpService.swift */; };
		03CC7F5C29AB684F0082D7A3 /* RootAssembly.swift in Sources */ = {isa = PBXBuildFile; fileRef = 03CC7F5B29AB684F0082D7A3 /* RootAssembly.swift */; };
		040408EE28AD691500CB55AC /* AppDelegate.swift in Sources */ = {isa = PBXBuildFile; fileRef = 040408ED28AD691500CB55AC /* AppDelegate.swift */; };
		040408F028AD691500CB55AC /* SceneDelegate.swift in Sources */ = {isa = PBXBuildFile; fileRef = 040408EF28AD691500CB55AC /* SceneDelegate.swift */; };
		040408F228AD691500CB55AC /* LoginViewController.swift in Sources */ = {isa = PBXBuildFile; fileRef = 040408F128AD691500CB55AC /* LoginViewController.swift */; };
		040408F728AD691800CB55AC /* Assets.xcassets in Resources */ = {isa = PBXBuildFile; fileRef = 040408F628AD691800CB55AC /* Assets.xcassets */; };
		040408FA28AD691800CB55AC /* LaunchScreen.storyboard in Resources */ = {isa = PBXBuildFile; fileRef = 040408F828AD691800CB55AC /* LaunchScreen.storyboard */; };
		0404091A28AD6CA800CB55AC /* SignUpViewController.swift in Sources */ = {isa = PBXBuildFile; fileRef = 0404091928AD6CA800CB55AC /* SignUpViewController.swift */; };
		0404091C28AD6CB700CB55AC /* MainPageViewController.swift in Sources */ = {isa = PBXBuildFile; fileRef = 0404091B28AD6CB700CB55AC /* MainPageViewController.swift */; };
		0404091E28AD6CC700CB55AC /* DetailsViewController.swift in Sources */ = {isa = PBXBuildFile; fileRef = 0404091D28AD6CC700CB55AC /* DetailsViewController.swift */; };
		0404092428AD6D1D00CB55AC /* UIColor+Extension.swift in Sources */ = {isa = PBXBuildFile; fileRef = 0404092328AD6D1D00CB55AC /* UIColor+Extension.swift */; };
		0404092628AD6D3800CB55AC /* UITableView+Extension.swift in Sources */ = {isa = PBXBuildFile; fileRef = 0404092528AD6D3800CB55AC /* UITableView+Extension.swift */; };
		0404092828AD6D5300CB55AC /* UITableViewCell+Extension.swift in Sources */ = {isa = PBXBuildFile; fileRef = 0404092728AD6D5300CB55AC /* UITableViewCell+Extension.swift */; };
		0438585B28AD72430095ECF5 /* SnapKit in Frameworks */ = {isa = PBXBuildFile; productRef = 0438585A28AD72430095ECF5 /* SnapKit */; };
		0438585E28AD79EB0095ECF5 /* Constraints.swift in Sources */ = {isa = PBXBuildFile; fileRef = 0438585D28AD79EB0095ECF5 /* Constraints.swift */; };
		0438586028AE12E90095ECF5 /* LoginView.swift in Sources */ = {isa = PBXBuildFile; fileRef = 0438585F28AE12E90095ECF5 /* LoginView.swift */; };
		04BB069D28B362F1009AD253 /* SFProDisplay-Bold.ttf in Resources */ = {isa = PBXBuildFile; fileRef = 04BB069B28B362F1009AD253 /* SFProDisplay-Bold.ttf */; };
		04BB06A028B3633E009AD253 /* FontHandler.swift in Sources */ = {isa = PBXBuildFile; fileRef = 04BB069F28B3633E009AD253 /* FontHandler.swift */; };
		04BB06A228B36AA0009AD253 /* SFProText-Regular.ttf in Resources */ = {isa = PBXBuildFile; fileRef = 04BB06A128B36AA0009AD253 /* SFProText-Regular.ttf */; };
		04BD4B9128B20F3700192DDE /* Users.swift in Sources */ = {isa = PBXBuildFile; fileRef = 04BD4B9028B20F3700192DDE /* Users.swift */; };
		04BD4B9328B21DD100192DDE /* LoginViewModel.swift in Sources */ = {isa = PBXBuildFile; fileRef = 04BD4B9228B21DD100192DDE /* LoginViewModel.swift */; };
		04BD4B9828B21F8300192DDE /* String+Extension.swift in Sources */ = {isa = PBXBuildFile; fileRef = 04BD4B9728B21F8300192DDE /* String+Extension.swift */; };
		04BD4B9A28B22C7000192DDE /* ErrorMessage.swift in Sources */ = {isa = PBXBuildFile; fileRef = 04BD4B9928B22C7000192DDE /* ErrorMessage.swift */; };
		04BDE21F28AF72190073F67E /* MainPageDataSource.swift in Sources */ = {isa = PBXBuildFile; fileRef = 04BDE21E28AF72190073F67E /* MainPageDataSource.swift */; };
		04BDE22328AF72D00073F67E /* MainCell.swift in Sources */ = {isa = PBXBuildFile; fileRef = 04BDE22128AF72D00073F67E /* MainCell.swift */; };
		04BDE22428AF72D00073F67E /* MainCell.xib in Resources */ = {isa = PBXBuildFile; fileRef = 04BDE22228AF72D00073F67E /* MainCell.xib */; };
		04BDE22628AF76020073F67E /* DetailsView.swift in Sources */ = {isa = PBXBuildFile; fileRef = 04BDE22528AF76020073F67E /* DetailsView.swift */; };
		04CA0BBE28B0D0B70032496A /* UIViewController+Extension.swift in Sources */ = {isa = PBXBuildFile; fileRef = 04CA0BBD28B0D0B70032496A /* UIViewController+Extension.swift */; };
		04CA0BC028B0D1820032496A /* NetworkManager.swift in Sources */ = {isa = PBXBuildFile; fileRef = 04CA0BBF28B0D1820032496A /* NetworkManager.swift */; };
		04CA0BC428B0D2D00032496A /* PixabayImage.swift in Sources */ = {isa = PBXBuildFile; fileRef = 04CA0BC328B0D2D00032496A /* PixabayImage.swift */; };
		04CA0BC628B0D2E90032496A /* PixabayImageResponse.swift in Sources */ = {isa = PBXBuildFile; fileRef = 04CA0BC528B0D2E90032496A /* PixabayImageResponse.swift */; };
		04CA0BC828B0D3D30032496A /* PixabayImageManager.swift in Sources */ = {isa = PBXBuildFile; fileRef = 04CA0BC728B0D3D30032496A /* PixabayImageManager.swift */; };
		04CA0BCA28B0D49A0032496A /* MainPageViewModel.swift in Sources */ = {isa = PBXBuildFile; fileRef = 04CA0BC928B0D49A0032496A /* MainPageViewModel.swift */; };
		04CA0BCD28B0D8320032496A /* Kingfisher in Frameworks */ = {isa = PBXBuildFile; productRef = 04CA0BCC28B0D8320032496A /* Kingfisher */; };
		04CA0BCF28B0F5110032496A /* SignUpViewModel.swift in Sources */ = {isa = PBXBuildFile; fileRef = 04CA0BCE28B0F5100032496A /* SignUpViewModel.swift */; };
		04CA0BD228B10F990032496A /* CustomTextField.swift in Sources */ = {isa = PBXBuildFile; fileRef = 04CA0BD128B10F990032496A /* CustomTextField.swift */; };
		04CA0BD428B10FCF0032496A /* CustomTextField.xib in Resources */ = {isa = PBXBuildFile; fileRef = 04CA0BD328B10FCF0032496A /* CustomTextField.xib */; };
		04DA6EF528AE77C400C5F2AE /* SignUpView.swift in Sources */ = {isa = PBXBuildFile; fileRef = 04DA6EF428AE77C400C5F2AE /* SignUpView.swift */; };
/* End PBXBuildFile section */

/* Begin PBXFileReference section */
		03CC7F5229AB5C450082D7A3 /* PresentationAssembly.swift */ = {isa = PBXFileReference; lastKnownFileType = sourcecode.swift; path = PresentationAssembly.swift; sourceTree = "<group>"; };
		03CC7F5429AB602B0082D7A3 /* ServiceAssemblyProtocol.swift */ = {isa = PBXFileReference; lastKnownFileType = sourcecode.swift; path = ServiceAssemblyProtocol.swift; sourceTree = "<group>"; };
		03CC7F5729AB61040082D7A3 /* LoginService.swift */ = {isa = PBXFileReference; lastKnownFileType = sourcecode.swift; path = LoginService.swift; sourceTree = "<group>"; };
		03CC7F5929AB61210082D7A3 /* SignUpService.swift */ = {isa = PBXFileReference; lastKnownFileType = sourcecode.swift; path = SignUpService.swift; sourceTree = "<group>"; };
		03CC7F5B29AB684F0082D7A3 /* RootAssembly.swift */ = {isa = PBXFileReference; lastKnownFileType = sourcecode.swift; path = RootAssembly.swift; sourceTree = "<group>"; };
		040408EA28AD691500CB55AC /* Pixabay Gallery.app */ = {isa = PBXFileReference; explicitFileType = wrapper.application; includeInIndex = 0; path = "Pixabay Gallery.app"; sourceTree = BUILT_PRODUCTS_DIR; };
		040408ED28AD691500CB55AC /* AppDelegate.swift */ = {isa = PBXFileReference; lastKnownFileType = sourcecode.swift; path = AppDelegate.swift; sourceTree = "<group>"; };
		040408EF28AD691500CB55AC /* SceneDelegate.swift */ = {isa = PBXFileReference; lastKnownFileType = sourcecode.swift; path = SceneDelegate.swift; sourceTree = "<group>"; };
		040408F128AD691500CB55AC /* LoginViewController.swift */ = {isa = PBXFileReference; lastKnownFileType = sourcecode.swift; path = LoginViewController.swift; sourceTree = "<group>"; };
		040408F628AD691800CB55AC /* Assets.xcassets */ = {isa = PBXFileReference; lastKnownFileType = folder.assetcatalog; path = Assets.xcassets; sourceTree = "<group>"; };
		040408F928AD691800CB55AC /* Base */ = {isa = PBXFileReference; lastKnownFileType = file.storyboard; name = Base; path = Base.lproj/LaunchScreen.storyboard; sourceTree = "<group>"; };
		040408FB28AD691800CB55AC /* Info.plist */ = {isa = PBXFileReference; lastKnownFileType = text.plist.xml; path = Info.plist; sourceTree = "<group>"; };
		0404091928AD6CA800CB55AC /* SignUpViewController.swift */ = {isa = PBXFileReference; lastKnownFileType = sourcecode.swift; path = SignUpViewController.swift; sourceTree = "<group>"; };
		0404091B28AD6CB700CB55AC /* MainPageViewController.swift */ = {isa = PBXFileReference; lastKnownFileType = sourcecode.swift; path = MainPageViewController.swift; sourceTree = "<group>"; };
		0404091D28AD6CC700CB55AC /* DetailsViewController.swift */ = {isa = PBXFileReference; lastKnownFileType = sourcecode.swift; path = DetailsViewController.swift; sourceTree = "<group>"; };
		0404092328AD6D1D00CB55AC /* UIColor+Extension.swift */ = {isa = PBXFileReference; lastKnownFileType = sourcecode.swift; path = "UIColor+Extension.swift"; sourceTree = "<group>"; };
		0404092528AD6D3800CB55AC /* UITableView+Extension.swift */ = {isa = PBXFileReference; lastKnownFileType = sourcecode.swift; path = "UITableView+Extension.swift"; sourceTree = "<group>"; };
		0404092728AD6D5300CB55AC /* UITableViewCell+Extension.swift */ = {isa = PBXFileReference; lastKnownFileType = sourcecode.swift; path = "UITableViewCell+Extension.swift"; sourceTree = "<group>"; };
		0438585D28AD79EB0095ECF5 /* Constraints.swift */ = {isa = PBXFileReference; lastKnownFileType = sourcecode.swift; path = Constraints.swift; sourceTree = "<group>"; };
		0438585F28AE12E90095ECF5 /* LoginView.swift */ = {isa = PBXFileReference; lastKnownFileType = sourcecode.swift; path = LoginView.swift; sourceTree = "<group>"; };
		04BB069B28B362F1009AD253 /* SFProDisplay-Bold.ttf */ = {isa = PBXFileReference; lastKnownFileType = file; path = "SFProDisplay-Bold.ttf"; sourceTree = "<group>"; };
		04BB069F28B3633E009AD253 /* FontHandler.swift */ = {isa = PBXFileReference; lastKnownFileType = sourcecode.swift; path = FontHandler.swift; sourceTree = "<group>"; };
		04BB06A128B36AA0009AD253 /* SFProText-Regular.ttf */ = {isa = PBXFileReference; lastKnownFileType = file; path = "SFProText-Regular.ttf"; sourceTree = "<group>"; };
		04BD4B9028B20F3700192DDE /* Users.swift */ = {isa = PBXFileReference; lastKnownFileType = sourcecode.swift; path = Users.swift; sourceTree = "<group>"; };
		04BD4B9228B21DD100192DDE /* LoginViewModel.swift */ = {isa = PBXFileReference; lastKnownFileType = sourcecode.swift; path = LoginViewModel.swift; sourceTree = "<group>"; };
		04BD4B9728B21F8300192DDE /* String+Extension.swift */ = {isa = PBXFileReference; lastKnownFileType = sourcecode.swift; path = "String+Extension.swift"; sourceTree = "<group>"; };
		04BD4B9928B22C7000192DDE /* ErrorMessage.swift */ = {isa = PBXFileReference; lastKnownFileType = sourcecode.swift; path = ErrorMessage.swift; sourceTree = "<group>"; };
		04BDE21E28AF72190073F67E /* MainPageDataSource.swift */ = {isa = PBXFileReference; lastKnownFileType = sourcecode.swift; path = MainPageDataSource.swift; sourceTree = "<group>"; };
		04BDE22128AF72D00073F67E /* MainCell.swift */ = {isa = PBXFileReference; lastKnownFileType = sourcecode.swift; path = MainCell.swift; sourceTree = "<group>"; };
		04BDE22228AF72D00073F67E /* MainCell.xib */ = {isa = PBXFileReference; lastKnownFileType = file.xib; path = MainCell.xib; sourceTree = "<group>"; };
		04BDE22528AF76020073F67E /* DetailsView.swift */ = {isa = PBXFileReference; lastKnownFileType = sourcecode.swift; path = DetailsView.swift; sourceTree = "<group>"; };
		04CA0BBD28B0D0B70032496A /* UIViewController+Extension.swift */ = {isa = PBXFileReference; lastKnownFileType = sourcecode.swift; path = "UIViewController+Extension.swift"; sourceTree = "<group>"; };
		04CA0BBF28B0D1820032496A /* NetworkManager.swift */ = {isa = PBXFileReference; lastKnownFileType = sourcecode.swift; path = NetworkManager.swift; sourceTree = "<group>"; };
		04CA0BC328B0D2D00032496A /* PixabayImage.swift */ = {isa = PBXFileReference; lastKnownFileType = sourcecode.swift; path = PixabayImage.swift; sourceTree = "<group>"; };
		04CA0BC528B0D2E90032496A /* PixabayImageResponse.swift */ = {isa = PBXFileReference; lastKnownFileType = sourcecode.swift; path = PixabayImageResponse.swift; sourceTree = "<group>"; };
		04CA0BC728B0D3D30032496A /* PixabayImageManager.swift */ = {isa = PBXFileReference; lastKnownFileType = sourcecode.swift; path = PixabayImageManager.swift; sourceTree = "<group>"; };
		04CA0BC928B0D49A0032496A /* MainPageViewModel.swift */ = {isa = PBXFileReference; lastKnownFileType = sourcecode.swift; path = MainPageViewModel.swift; sourceTree = "<group>"; };
		04CA0BCE28B0F5100032496A /* SignUpViewModel.swift */ = {isa = PBXFileReference; lastKnownFileType = sourcecode.swift; path = SignUpViewModel.swift; sourceTree = "<group>"; };
		04CA0BD128B10F990032496A /* CustomTextField.swift */ = {isa = PBXFileReference; lastKnownFileType = sourcecode.swift; path = CustomTextField.swift; sourceTree = "<group>"; };
		04CA0BD328B10FCF0032496A /* CustomTextField.xib */ = {isa = PBXFileReference; lastKnownFileType = file.xib; path = CustomTextField.xib; sourceTree = "<group>"; };
		04DA6EF428AE77C400C5F2AE /* SignUpView.swift */ = {isa = PBXFileReference; lastKnownFileType = sourcecode.swift; path = SignUpView.swift; sourceTree = "<group>"; };
/* End PBXFileReference section */

/* Begin PBXFrameworksBuildPhase section */
		040408E728AD691500CB55AC /* Frameworks */ = {
			isa = PBXFrameworksBuildPhase;
			buildActionMask = 2147483647;
			files = (
				04CA0BCD28B0D8320032496A /* Kingfisher in Frameworks */,
				0438585B28AD72430095ECF5 /* SnapKit in Frameworks */,
			);
			runOnlyForDeploymentPostprocessing = 0;
		};
/* End PBXFrameworksBuildPhase section */

/* Begin PBXGroup section */
		03CC7F5629AB60F00082D7A3 /* ServiceLayer */ = {
			isa = PBXGroup;
			children = (
				03CC7F5729AB61040082D7A3 /* LoginService.swift */,
				03CC7F5929AB61210082D7A3 /* SignUpService.swift */,
			);
			path = ServiceLayer;
			sourceTree = "<group>";
		};
		040408E128AD691500CB55AC = {
			isa = PBXGroup;
			children = (
				040408EC28AD691500CB55AC /* Pixabay Gallery */,
				040408EB28AD691500CB55AC /* Products */,
			);
			sourceTree = "<group>";
		};
		040408EB28AD691500CB55AC /* Products */ = {
			isa = PBXGroup;
			children = (
				040408EA28AD691500CB55AC /* Pixabay Gallery.app */,
			);
			name = Products;
			sourceTree = "<group>";
		};
		040408EC28AD691500CB55AC /* Pixabay Gallery */ = {
			isa = PBXGroup;
			children = (
				03CC7F5629AB60F00082D7A3 /* ServiceLayer */,
				0404090128AD6AD500CB55AC /* API */,
				0404090228AD6AEE00CB55AC /* App */,
				0404090328AD6AFB00CB55AC /* Domain */,
				0404090428AD6B0300CB55AC /* Resources */,
				0404090528AD6B1000CB55AC /* Infrastructure */,
				0404090628AD6B2100CB55AC /* Presentation */,
				0404090728AD6B2B00CB55AC /* Supporting Files */,
			);
			path = "Pixabay Gallery";
			sourceTree = "<group>";
		};
		0404090128AD6AD500CB55AC /* API */ = {
			isa = PBXGroup;
			children = (
				04CA0BC728B0D3D30032496A /* PixabayImageManager.swift */,
			);
			path = API;
			sourceTree = "<group>";
		};
		0404090228AD6AEE00CB55AC /* App */ = {
			isa = PBXGroup;
			children = (
				040408ED28AD691500CB55AC /* AppDelegate.swift */,
				040408EF28AD691500CB55AC /* SceneDelegate.swift */,
			);
			path = App;
			sourceTree = "<group>";
		};
		0404090328AD6AFB00CB55AC /* Domain */ = {
			isa = PBXGroup;
			children = (
				0404090828AD6B6300CB55AC /* Responses */,
				0404090928AD6B6B00CB55AC /* Models */,
			);
			path = Domain;
			sourceTree = "<group>";
		};
		0404090428AD6B0300CB55AC /* Resources */ = {
			isa = PBXGroup;
			children = (
				04BB069E28B36330009AD253 /* FontHandler */,
				04BB069928B362C6009AD253 /* Font */,
				04BD4B9B28B22C7400192DDE /* Helper */,
				04CA0BD028B10F0A0032496A /* TMTextField */,
				0438585C28AD79DA0095ECF5 /* Constraints */,
				040408F628AD691800CB55AC /* Assets.xcassets */,
			);
			path = Resources;
			sourceTree = "<group>";
		};
		0404090528AD6B1000CB55AC /* Infrastructure */ = {
			isa = PBXGroup;
			children = (
				0404090B28AD6BAB00CB55AC /* Managers */,
				0404090A28AD6BA100CB55AC /* Extensions */,
			);
			path = Infrastructure;
			sourceTree = "<group>";
		};
		0404090628AD6B2100CB55AC /* Presentation */ = {
			isa = PBXGroup;
			children = (
				0404090C28AD6BCC00CB55AC /* Scenes */,
				03CC7F5229AB5C450082D7A3 /* PresentationAssembly.swift */,
				03CC7F5429AB602B0082D7A3 /* ServiceAssemblyProtocol.swift */,
				03CC7F5B29AB684F0082D7A3 /* RootAssembly.swift */,
			);
			path = Presentation;
			sourceTree = "<group>";
		};
		0404090728AD6B2B00CB55AC /* Supporting Files */ = {
			isa = PBXGroup;
			children = (
				040408F828AD691800CB55AC /* LaunchScreen.storyboard */,
				040408FB28AD691800CB55AC /* Info.plist */,
			);
			path = "Supporting Files";
			sourceTree = "<group>";
		};
		0404090828AD6B6300CB55AC /* Responses */ = {
			isa = PBXGroup;
			children = (
				04CA0BC528B0D2E90032496A /* PixabayImageResponse.swift */,
			);
			path = Responses;
			sourceTree = "<group>";
		};
		0404090928AD6B6B00CB55AC /* Models */ = {
			isa = PBXGroup;
			children = (
				04CA0BC328B0D2D00032496A /* PixabayImage.swift */,
				04BD4B9028B20F3700192DDE /* Users.swift */,
			);
			path = Models;
			sourceTree = "<group>";
		};
		0404090A28AD6BA100CB55AC /* Extensions */ = {
			isa = PBXGroup;
			children = (
				0404092328AD6D1D00CB55AC /* UIColor+Extension.swift */,
				0404092528AD6D3800CB55AC /* UITableView+Extension.swift */,
				0404092728AD6D5300CB55AC /* UITableViewCell+Extension.swift */,
				04CA0BBD28B0D0B70032496A /* UIViewController+Extension.swift */,
				04BD4B9728B21F8300192DDE /* String+Extension.swift */,
			);
			path = Extensions;
			sourceTree = "<group>";
		};
		0404090B28AD6BAB00CB55AC /* Managers */ = {
			isa = PBXGroup;
			children = (
				04CA0BBF28B0D1820032496A /* NetworkManager.swift */,
			);
			path = Managers;
			sourceTree = "<group>";
		};
		0404090C28AD6BCC00CB55AC /* Scenes */ = {
			isa = PBXGroup;
			children = (
				0404091628AD6C7100CB55AC /* DetailPage */,
				0404091328AD6C5C00CB55AC /* MainPage */,
				0404091028AD6C2400CB55AC /* SignUp */,
				0404090D28AD6BEC00CB55AC /* Login */,
			);
			path = Scenes;
			sourceTree = "<group>";
		};
		0404090D28AD6BEC00CB55AC /* Login */ = {
			isa = PBXGroup;
			children = (
				0404090F28AD6C1B00CB55AC /* ViewModel */,
				0404090E28AD6C0E00CB55AC /* View */,
			);
			path = Login;
			sourceTree = "<group>";
		};
		0404090E28AD6C0E00CB55AC /* View */ = {
			isa = PBXGroup;
			children = (
				040408F128AD691500CB55AC /* LoginViewController.swift */,
				0438585F28AE12E90095ECF5 /* LoginView.swift */,
			);
			path = View;
			sourceTree = "<group>";
		};
		0404090F28AD6C1B00CB55AC /* ViewModel */ = {
			isa = PBXGroup;
			children = (
				04BD4B9228B21DD100192DDE /* LoginViewModel.swift */,
			);
			path = ViewModel;
			sourceTree = "<group>";
		};
		0404091028AD6C2400CB55AC /* SignUp */ = {
			isa = PBXGroup;
			children = (
				0404091228AD6C3200CB55AC /* ViewModel */,
				0404091128AD6C2C00CB55AC /* View */,
			);
			path = SignUp;
			sourceTree = "<group>";
		};
		0404091128AD6C2C00CB55AC /* View */ = {
			isa = PBXGroup;
			children = (
				0404091928AD6CA800CB55AC /* SignUpViewController.swift */,
				04DA6EF428AE77C400C5F2AE /* SignUpView.swift */,
			);
			path = View;
			sourceTree = "<group>";
		};
		0404091228AD6C3200CB55AC /* ViewModel */ = {
			isa = PBXGroup;
			children = (
				04CA0BCE28B0F5100032496A /* SignUpViewModel.swift */,
			);
			path = ViewModel;
			sourceTree = "<group>";
		};
		0404091328AD6C5C00CB55AC /* MainPage */ = {
			isa = PBXGroup;
			children = (
				0404091528AD6C6800CB55AC /* ViewModel */,
				0404091428AD6C6300CB55AC /* View */,
			);
			path = MainPage;
			sourceTree = "<group>";
		};
		0404091428AD6C6300CB55AC /* View */ = {
			isa = PBXGroup;
			children = (
				04BDE22028AF729F0073F67E /* MainCell */,
				0404091B28AD6CB700CB55AC /* MainPageViewController.swift */,
			);
			path = View;
			sourceTree = "<group>";
		};
		0404091528AD6C6800CB55AC /* ViewModel */ = {
			isa = PBXGroup;
			children = (
				04BDE21E28AF72190073F67E /* MainPageDataSource.swift */,
				04CA0BC928B0D49A0032496A /* MainPageViewModel.swift */,
			);
			path = ViewModel;
			sourceTree = "<group>";
		};
		0404091628AD6C7100CB55AC /* DetailPage */ = {
			isa = PBXGroup;
			children = (
				0404091728AD6C7900CB55AC /* View */,
			);
			path = DetailPage;
			sourceTree = "<group>";
		};
		0404091728AD6C7900CB55AC /* View */ = {
			isa = PBXGroup;
			children = (
				0404091D28AD6CC700CB55AC /* DetailsViewController.swift */,
				04BDE22528AF76020073F67E /* DetailsView.swift */,
			);
			path = View;
			sourceTree = "<group>";
		};
		0438585C28AD79DA0095ECF5 /* Constraints */ = {
			isa = PBXGroup;
			children = (
				0438585D28AD79EB0095ECF5 /* Constraints.swift */,
			);
			path = Constraints;
			sourceTree = "<group>";
		};
		04BB069928B362C6009AD253 /* Font */ = {
			isa = PBXGroup;
			children = (
				04BB06A128B36AA0009AD253 /* SFProText-Regular.ttf */,
				04BB069B28B362F1009AD253 /* SFProDisplay-Bold.ttf */,
			);
			path = Font;
			sourceTree = "<group>";
		};
		04BB069E28B36330009AD253 /* FontHandler */ = {
			isa = PBXGroup;
			children = (
				04BB069F28B3633E009AD253 /* FontHandler.swift */,
			);
			path = FontHandler;
			sourceTree = "<group>";
		};
		04BD4B9B28B22C7400192DDE /* Helper */ = {
			isa = PBXGroup;
			children = (
				04BD4B9928B22C7000192DDE /* ErrorMessage.swift */,
			);
			path = Helper;
			sourceTree = "<group>";
		};
		04BDE22028AF729F0073F67E /* MainCell */ = {
			isa = PBXGroup;
			children = (
				04BDE22128AF72D00073F67E /* MainCell.swift */,
				04BDE22228AF72D00073F67E /* MainCell.xib */,
			);
			path = MainCell;
			sourceTree = "<group>";
		};
		04CA0BD028B10F0A0032496A /* TMTextField */ = {
			isa = PBXGroup;
			children = (
				04CA0BD128B10F990032496A /* CustomTextField.swift */,
				04CA0BD328B10FCF0032496A /* CustomTextField.xib */,
			);
			path = TMTextField;
			sourceTree = "<group>";
		};
/* End PBXGroup section */

/* Begin PBXNativeTarget section */
		040408E928AD691500CB55AC /* Pixabay Gallery */ = {
			isa = PBXNativeTarget;
			buildConfigurationList = 040408FE28AD691800CB55AC /* Build configuration list for PBXNativeTarget "Pixabay Gallery" */;
			buildPhases = (
				040408E628AD691500CB55AC /* Sources */,
				040408E728AD691500CB55AC /* Frameworks */,
				040408E828AD691500CB55AC /* Resources */,
			);
			buildRules = (
			);
			dependencies = (
			);
			name = "Pixabay Gallery";
			packageProductDependencies = (
				0438585A28AD72430095ECF5 /* SnapKit */,
				04CA0BCC28B0D8320032496A /* Kingfisher */,
			);
			productName = "Pixabay Gallery";
			productReference = 040408EA28AD691500CB55AC /* Pixabay Gallery.app */;
			productType = "com.apple.product-type.application";
		};
/* End PBXNativeTarget section */

/* Begin PBXProject section */
		040408E228AD691500CB55AC /* Project object */ = {
			isa = PBXProject;
			attributes = {
				BuildIndependentTargetsInParallel = 1;
				LastSwiftUpdateCheck = 1340;
				LastUpgradeCheck = 1340;
				TargetAttributes = {
					040408E928AD691500CB55AC = {
						CreatedOnToolsVersion = 13.4;
					};
				};
			};
			buildConfigurationList = 040408E528AD691500CB55AC /* Build configuration list for PBXProject "Pixabay Gallery" */;
			compatibilityVersion = "Xcode 13.0";
			developmentRegion = en;
			hasScannedForEncodings = 0;
			knownRegions = (
				en,
				Base,
			);
			mainGroup = 040408E128AD691500CB55AC;
			packageReferences = (
				0438585928AD72430095ECF5 /* XCRemoteSwiftPackageReference "SnapKit" */,
				04CA0BCB28B0D8320032496A /* XCRemoteSwiftPackageReference "Kingfisher" */,
			);
			productRefGroup = 040408EB28AD691500CB55AC /* Products */;
			projectDirPath = "";
			projectRoot = "";
			targets = (
				040408E928AD691500CB55AC /* Pixabay Gallery */,
			);
		};
/* End PBXProject section */

/* Begin PBXResourcesBuildPhase section */
		040408E828AD691500CB55AC /* Resources */ = {
			isa = PBXResourcesBuildPhase;
			buildActionMask = 2147483647;
			files = (
				040408FA28AD691800CB55AC /* LaunchScreen.storyboard in Resources */,
				04BB06A228B36AA0009AD253 /* SFProText-Regular.ttf in Resources */,
				040408F728AD691800CB55AC /* Assets.xcassets in Resources */,
				04CA0BD428B10FCF0032496A /* CustomTextField.xib in Resources */,
				04BB069D28B362F1009AD253 /* SFProDisplay-Bold.ttf in Resources */,
				04BDE22428AF72D00073F67E /* MainCell.xib in Resources */,
			);
			runOnlyForDeploymentPostprocessing = 0;
		};
/* End PBXResourcesBuildPhase section */

/* Begin PBXSourcesBuildPhase section */
		040408E628AD691500CB55AC /* Sources */ = {
			isa = PBXSourcesBuildPhase;
			buildActionMask = 2147483647;
			files = (
				04CA0BC028B0D1820032496A /* NetworkManager.swift in Sources */,
				04CA0BBE28B0D0B70032496A /* UIViewController+Extension.swift in Sources */,
				04CA0BCA28B0D49A0032496A /* MainPageViewModel.swift in Sources */,
				0404091C28AD6CB700CB55AC /* MainPageViewController.swift in Sources */,
				040408F228AD691500CB55AC /* LoginViewController.swift in Sources */,
				0404092428AD6D1D00CB55AC /* UIColor+Extension.swift in Sources */,
				04CA0BC428B0D2D00032496A /* PixabayImage.swift in Sources */,
				04BD4B9328B21DD100192DDE /* LoginViewModel.swift in Sources */,
				0438585E28AD79EB0095ECF5 /* Constraints.swift in Sources */,
				03CC7F5829AB61040082D7A3 /* LoginService.swift in Sources */,
				03CC7F5C29AB684F0082D7A3 /* RootAssembly.swift in Sources */,
				04BB06A028B3633E009AD253 /* FontHandler.swift in Sources */,
				040408EE28AD691500CB55AC /* AppDelegate.swift in Sources */,
				04CA0BCF28B0F5110032496A /* SignUpViewModel.swift in Sources */,
				04CA0BC628B0D2E90032496A /* PixabayImageResponse.swift in Sources */,
				03CC7F5529AB602B0082D7A3 /* ServiceAssemblyProtocol.swift in Sources */,
				0404092828AD6D5300CB55AC /* UITableViewCell+Extension.swift in Sources */,
				0404091A28AD6CA800CB55AC /* SignUpViewController.swift in Sources */,
				0404092628AD6D3800CB55AC /* UITableView+Extension.swift in Sources */,
				03CC7F5329AB5C450082D7A3 /* PresentationAssembly.swift in Sources */,
				04CA0BC828B0D3D30032496A /* PixabayImageManager.swift in Sources */,
				04DA6EF528AE77C400C5F2AE /* SignUpView.swift in Sources */,
				03CC7F5A29AB61210082D7A3 /* SignUpService.swift in Sources */,
				0438586028AE12E90095ECF5 /* LoginView.swift in Sources */,
				04CA0BD228B10F990032496A /* CustomTextField.swift in Sources */,
				04BDE21F28AF72190073F67E /* MainPageDataSource.swift in Sources */,
				040408F028AD691500CB55AC /* SceneDelegate.swift in Sources */,
				04BD4B9128B20F3700192DDE /* Users.swift in Sources */,
				04BDE22628AF76020073F67E /* DetailsView.swift in Sources */,
				04BDE22328AF72D00073F67E /* MainCell.swift in Sources */,
				04BD4B9A28B22C7000192DDE /* ErrorMessage.swift in Sources */,
				04BD4B9828B21F8300192DDE /* String+Extension.swift in Sources */,
				0404091E28AD6CC700CB55AC /* DetailsViewController.swift in Sources */,
			);
			runOnlyForDeploymentPostprocessing = 0;
		};
/* End PBXSourcesBuildPhase section */

/* Begin PBXVariantGroup section */
		040408F828AD691800CB55AC /* LaunchScreen.storyboard */ = {
			isa = PBXVariantGroup;
			children = (
				040408F928AD691800CB55AC /* Base */,
			);
			name = LaunchScreen.storyboard;
			sourceTree = "<group>";
		};
/* End PBXVariantGroup section */

/* Begin XCBuildConfiguration section */
		040408FC28AD691800CB55AC /* Debug */ = {
			isa = XCBuildConfiguration;
			buildSettings = {
				ALWAYS_SEARCH_USER_PATHS = NO;
				CLANG_ANALYZER_NONNULL = YES;
				CLANG_ANALYZER_NUMBER_OBJECT_CONVERSION = YES_AGGRESSIVE;
				CLANG_CXX_LANGUAGE_STANDARD = "gnu++17";
				CLANG_ENABLE_MODULES = YES;
				CLANG_ENABLE_OBJC_ARC = YES;
				CLANG_ENABLE_OBJC_WEAK = YES;
				CLANG_WARN_BLOCK_CAPTURE_AUTORELEASING = YES;
				CLANG_WARN_BOOL_CONVERSION = YES;
				CLANG_WARN_COMMA = YES;
				CLANG_WARN_CONSTANT_CONVERSION = YES;
				CLANG_WARN_DEPRECATED_OBJC_IMPLEMENTATIONS = YES;
				CLANG_WARN_DIRECT_OBJC_ISA_USAGE = YES_ERROR;
				CLANG_WARN_DOCUMENTATION_COMMENTS = YES;
				CLANG_WARN_EMPTY_BODY = YES;
				CLANG_WARN_ENUM_CONVERSION = YES;
				CLANG_WARN_INFINITE_RECURSION = YES;
				CLANG_WARN_INT_CONVERSION = YES;
				CLANG_WARN_NON_LITERAL_NULL_CONVERSION = YES;
				CLANG_WARN_OBJC_IMPLICIT_RETAIN_SELF = YES;
				CLANG_WARN_OBJC_LITERAL_CONVERSION = YES;
				CLANG_WARN_OBJC_ROOT_CLASS = YES_ERROR;
				CLANG_WARN_QUOTED_INCLUDE_IN_FRAMEWORK_HEADER = YES;
				CLANG_WARN_RANGE_LOOP_ANALYSIS = YES;
				CLANG_WARN_STRICT_PROTOTYPES = YES;
				CLANG_WARN_SUSPICIOUS_MOVE = YES;
				CLANG_WARN_UNGUARDED_AVAILABILITY = YES_AGGRESSIVE;
				CLANG_WARN_UNREACHABLE_CODE = YES;
				CLANG_WARN__DUPLICATE_METHOD_MATCH = YES;
				COPY_PHASE_STRIP = NO;
				DEBUG_INFORMATION_FORMAT = dwarf;
				ENABLE_STRICT_OBJC_MSGSEND = YES;
				ENABLE_TESTABILITY = YES;
				GCC_C_LANGUAGE_STANDARD = gnu11;
				GCC_DYNAMIC_NO_PIC = NO;
				GCC_NO_COMMON_BLOCKS = YES;
				GCC_OPTIMIZATION_LEVEL = 0;
				GCC_PREPROCESSOR_DEFINITIONS = (
					"DEBUG=1",
					"$(inherited)",
				);
				GCC_WARN_64_TO_32_BIT_CONVERSION = YES;
				GCC_WARN_ABOUT_RETURN_TYPE = YES_ERROR;
				GCC_WARN_UNDECLARED_SELECTOR = YES;
				GCC_WARN_UNINITIALIZED_AUTOS = YES_AGGRESSIVE;
				GCC_WARN_UNUSED_FUNCTION = YES;
				GCC_WARN_UNUSED_VARIABLE = YES;
				IPHONEOS_DEPLOYMENT_TARGET = 15.5;
				MTL_ENABLE_DEBUG_INFO = INCLUDE_SOURCE;
				MTL_FAST_MATH = YES;
				ONLY_ACTIVE_ARCH = YES;
				SDKROOT = iphoneos;
				SWIFT_ACTIVE_COMPILATION_CONDITIONS = DEBUG;
				SWIFT_OPTIMIZATION_LEVEL = "-Onone";
			};
			name = Debug;
		};
		040408FD28AD691800CB55AC /* Release */ = {
			isa = XCBuildConfiguration;
			buildSettings = {
				ALWAYS_SEARCH_USER_PATHS = NO;
				CLANG_ANALYZER_NONNULL = YES;
				CLANG_ANALYZER_NUMBER_OBJECT_CONVERSION = YES_AGGRESSIVE;
				CLANG_CXX_LANGUAGE_STANDARD = "gnu++17";
				CLANG_ENABLE_MODULES = YES;
				CLANG_ENABLE_OBJC_ARC = YES;
				CLANG_ENABLE_OBJC_WEAK = YES;
				CLANG_WARN_BLOCK_CAPTURE_AUTORELEASING = YES;
				CLANG_WARN_BOOL_CONVERSION = YES;
				CLANG_WARN_COMMA = YES;
				CLANG_WARN_CONSTANT_CONVERSION = YES;
				CLANG_WARN_DEPRECATED_OBJC_IMPLEMENTATIONS = YES;
				CLANG_WARN_DIRECT_OBJC_ISA_USAGE = YES_ERROR;
				CLANG_WARN_DOCUMENTATION_COMMENTS = YES;
				CLANG_WARN_EMPTY_BODY = YES;
				CLANG_WARN_ENUM_CONVERSION = YES;
				CLANG_WARN_INFINITE_RECURSION = YES;
				CLANG_WARN_INT_CONVERSION = YES;
				CLANG_WARN_NON_LITERAL_NULL_CONVERSION = YES;
				CLANG_WARN_OBJC_IMPLICIT_RETAIN_SELF = YES;
				CLANG_WARN_OBJC_LITERAL_CONVERSION = YES;
				CLANG_WARN_OBJC_ROOT_CLASS = YES_ERROR;
				CLANG_WARN_QUOTED_INCLUDE_IN_FRAMEWORK_HEADER = YES;
				CLANG_WARN_RANGE_LOOP_ANALYSIS = YES;
				CLANG_WARN_STRICT_PROTOTYPES = YES;
				CLANG_WARN_SUSPICIOUS_MOVE = YES;
				CLANG_WARN_UNGUARDED_AVAILABILITY = YES_AGGRESSIVE;
				CLANG_WARN_UNREACHABLE_CODE = YES;
				CLANG_WARN__DUPLICATE_METHOD_MATCH = YES;
				COPY_PHASE_STRIP = NO;
				DEBUG_INFORMATION_FORMAT = "dwarf-with-dsym";
				ENABLE_NS_ASSERTIONS = NO;
				ENABLE_STRICT_OBJC_MSGSEND = YES;
				GCC_C_LANGUAGE_STANDARD = gnu11;
				GCC_NO_COMMON_BLOCKS = YES;
				GCC_WARN_64_TO_32_BIT_CONVERSION = YES;
				GCC_WARN_ABOUT_RETURN_TYPE = YES_ERROR;
				GCC_WARN_UNDECLARED_SELECTOR = YES;
				GCC_WARN_UNINITIALIZED_AUTOS = YES_AGGRESSIVE;
				GCC_WARN_UNUSED_FUNCTION = YES;
				GCC_WARN_UNUSED_VARIABLE = YES;
				IPHONEOS_DEPLOYMENT_TARGET = 15.5;
				MTL_ENABLE_DEBUG_INFO = NO;
				MTL_FAST_MATH = YES;
				SDKROOT = iphoneos;
				SWIFT_COMPILATION_MODE = wholemodule;
				SWIFT_OPTIMIZATION_LEVEL = "-O";
				VALIDATE_PRODUCT = YES;
			};
			name = Release;
		};
		040408FF28AD691800CB55AC /* Debug */ = {
			isa = XCBuildConfiguration;
			buildSettings = {
				ASSETCATALOG_COMPILER_APPICON_NAME = AppIcon;
				ASSETCATALOG_COMPILER_GLOBAL_ACCENT_COLOR_NAME = AccentColor;
				CODE_SIGN_STYLE = Automatic;
				CURRENT_PROJECT_VERSION = 1;
				DEVELOPMENT_TEAM = RTRW37939G;
				GENERATE_INFOPLIST_FILE = YES;
				INFOPLIST_FILE = "Pixabay Gallery/Supporting Files/Info.plist";
				INFOPLIST_KEY_UIApplicationSupportsIndirectInputEvents = YES;
				INFOPLIST_KEY_UILaunchStoryboardName = LaunchScreen;
				INFOPLIST_KEY_UISupportedInterfaceOrientations_iPad = "UIInterfaceOrientationPortrait UIInterfaceOrientationPortraitUpsideDown UIInterfaceOrientationLandscapeLeft UIInterfaceOrientationLandscapeRight";
				INFOPLIST_KEY_UISupportedInterfaceOrientations_iPhone = "UIInterfaceOrientationPortrait UIInterfaceOrientationLandscapeLeft UIInterfaceOrientationLandscapeRight";
				LD_RUNPATH_SEARCH_PATHS = (
					"$(inherited)",
					"@executable_path/Frameworks",
				);
				MARKETING_VERSION = 1.0;
				PRODUCT_BUNDLE_IDENTIFIER = "com.simple.Pixabay-Gallery";
				PRODUCT_NAME = "$(TARGET_NAME)";
				SWIFT_EMIT_LOC_STRINGS = YES;
				SWIFT_VERSION = 5.0;
				TARGETED_DEVICE_FAMILY = "1,2";
			};
			name = Debug;
		};
		0404090028AD691800CB55AC /* Release */ = {
			isa = XCBuildConfiguration;
			buildSettings = {
				ASSETCATALOG_COMPILER_APPICON_NAME = AppIcon;
				ASSETCATALOG_COMPILER_GLOBAL_ACCENT_COLOR_NAME = AccentColor;
				CODE_SIGN_STYLE = Automatic;
				CURRENT_PROJECT_VERSION = 1;
				DEVELOPMENT_TEAM = RTRW37939G;
				GENERATE_INFOPLIST_FILE = YES;
				INFOPLIST_FILE = "Pixabay Gallery/Supporting Files/Info.plist";
				INFOPLIST_KEY_UIApplicationSupportsIndirectInputEvents = YES;
				INFOPLIST_KEY_UILaunchStoryboardName = LaunchScreen;
				INFOPLIST_KEY_UISupportedInterfaceOrientations_iPad = "UIInterfaceOrientationPortrait UIInterfaceOrientationPortraitUpsideDown UIInterfaceOrientationLandscapeLeft UIInterfaceOrientationLandscapeRight";
				INFOPLIST_KEY_UISupportedInterfaceOrientations_iPhone = "UIInterfaceOrientationPortrait UIInterfaceOrientationLandscapeLeft UIInterfaceOrientationLandscapeRight";
				LD_RUNPATH_SEARCH_PATHS = (
					"$(inherited)",
					"@executable_path/Frameworks",
				);
				MARKETING_VERSION = 1.0;
				PRODUCT_BUNDLE_IDENTIFIER = "com.simple.Pixabay-Gallery";
				PRODUCT_NAME = "$(TARGET_NAME)";
				SWIFT_EMIT_LOC_STRINGS = YES;
				SWIFT_VERSION = 5.0;
				TARGETED_DEVICE_FAMILY = "1,2";
			};
			name = Release;
		};
/* End XCBuildConfiguration section */

/* Begin XCConfigurationList section */
		040408E528AD691500CB55AC /* Build configuration list for PBXProject "Pixabay Gallery" */ = {
			isa = XCConfigurationList;
			buildConfigurations = (
				040408FC28AD691800CB55AC /* Debug */,
				040408FD28AD691800CB55AC /* Release */,
			);
			defaultConfigurationIsVisible = 0;
			defaultConfigurationName = Release;
		};
		040408FE28AD691800CB55AC /* Build configuration list for PBXNativeTarget "Pixabay Gallery" */ = {
			isa = XCConfigurationList;
			buildConfigurations = (
				040408FF28AD691800CB55AC /* Debug */,
				0404090028AD691800CB55AC /* Release */,
			);
			defaultConfigurationIsVisible = 0;
			defaultConfigurationName = Release;
		};
/* End XCConfigurationList section */

/* Begin XCRemoteSwiftPackageReference section */
		0438585928AD72430095ECF5 /* XCRemoteSwiftPackageReference "SnapKit" */ = {
			isa = XCRemoteSwiftPackageReference;
			repositoryURL = "https://github.com/SnapKit/SnapKit";
			requirement = {
				branch = develop;
				kind = branch;
			};
		};
		04CA0BCB28B0D8320032496A /* XCRemoteSwiftPackageReference "Kingfisher" */ = {
			isa = XCRemoteSwiftPackageReference;
			repositoryURL = "https://github.com/onevcat/Kingfisher";
			requirement = {
				kind = upToNextMajorVersion;
				minimumVersion = 7.0.0;
			};
		};
/* End XCRemoteSwiftPackageReference section */

/* Begin XCSwiftPackageProductDependency section */
		0438585A28AD72430095ECF5 /* SnapKit */ = {
			isa = XCSwiftPackageProductDependency;
			package = 0438585928AD72430095ECF5 /* XCRemoteSwiftPackageReference "SnapKit" */;
			productName = SnapKit;
		};
		04CA0BCC28B0D8320032496A /* Kingfisher */ = {
			isa = XCSwiftPackageProductDependency;
			package = 04CA0BCB28B0D8320032496A /* XCRemoteSwiftPackageReference "Kingfisher" */;
			productName = Kingfisher;
		};
/* End XCSwiftPackageProductDependency section */
	};
	rootObject = 040408E228AD691500CB55AC /* Project object */;
}
